// !$*UTF8*$!
{
	archiveVersion = 1;
	classes = {
	};
	objectVersion = 55;
	objects = {

/* Begin PBXBuildFile section */
		82CE1AAD279AEAC2004A35BD /* GRTlib.framework in Frameworks */ = {isa = PBXBuildFile; fileRef = 82CE1AA4279AEAC1004A35BD /* GRTlib.framework */; };
		82CE1AB2279AEAC2004A35BD /* GRTlibTests.swift in Sources */ = {isa = PBXBuildFile; fileRef = 82CE1AB1279AEAC2004A35BD /* GRTlibTests.swift */; };
		82CE1AB3279AEAC2004A35BD /* GRTlib.h in Headers */ = {isa = PBXBuildFile; fileRef = 82CE1AA7279AEAC1004A35BD /* GRTlib.h */; settings = {ATTRIBUTES = (Public, ); }; };
		82CE1AC3279AEC82004A35BD /* AppDelegate.swift in Sources */ = {isa = PBXBuildFile; fileRef = 82CE1AC2279AEC82004A35BD /* AppDelegate.swift */; };
		82CE1AC5279AEC82004A35BD /* SceneDelegate.swift in Sources */ = {isa = PBXBuildFile; fileRef = 82CE1AC4279AEC82004A35BD /* SceneDelegate.swift */; };
		82CE1AC7279AEC82004A35BD /* ViewController.swift in Sources */ = {isa = PBXBuildFile; fileRef = 82CE1AC6279AEC82004A35BD /* ViewController.swift */; };
		82CE1ACA279AEC82004A35BD /* Main.storyboard in Resources */ = {isa = PBXBuildFile; fileRef = 82CE1AC8279AEC82004A35BD /* Main.storyboard */; };
		82CE1ACC279AEC83004A35BD /* Assets.xcassets in Resources */ = {isa = PBXBuildFile; fileRef = 82CE1ACB279AEC83004A35BD /* Assets.xcassets */; };
		82CE1ACF279AEC83004A35BD /* LaunchScreen.storyboard in Resources */ = {isa = PBXBuildFile; fileRef = 82CE1ACD279AEC83004A35BD /* LaunchScreen.storyboard */; };
		82CE1ADA279AEC84004A35BD /* GRTlibExampleTests.swift in Sources */ = {isa = PBXBuildFile; fileRef = 82CE1AD9279AEC84004A35BD /* GRTlibExampleTests.swift */; };
		82CE1AE4279AEC84004A35BD /* GRTlibExampleUITests.swift in Sources */ = {isa = PBXBuildFile; fileRef = 82CE1AE3279AEC84004A35BD /* GRTlibExampleUITests.swift */; };
		82CE1AE6279AEC84004A35BD /* GRTlibExampleUITestsLaunchTests.swift in Sources */ = {isa = PBXBuildFile; fileRef = 82CE1AE5279AEC84004A35BD /* GRTlibExampleUITestsLaunchTests.swift */; };
		82CE1AF1279AEF45004A35BD /* GRTlib.swift in Sources */ = {isa = PBXBuildFile; fileRef = 82CE1AF0279AEF45004A35BD /* GRTlib.swift */; };
		82CE1AF3279AF892004A35BD /* GRTlib.podspec in Resources */ = {isa = PBXBuildFile; fileRef = 82CE1AF2279AF892004A35BD /* GRTlib.podspec */; };
/* End PBXBuildFile section */

/* Begin PBXContainerItemProxy section */
		82CE1AAE279AEAC2004A35BD /* PBXContainerItemProxy */ = {
			isa = PBXContainerItemProxy;
			containerPortal = 82CE1A9B279AEAC1004A35BD /* Project object */;
			proxyType = 1;
			remoteGlobalIDString = 82CE1AA3279AEAC1004A35BD;
			remoteInfo = GRTlib;
		};
		82CE1AD6279AEC83004A35BD /* PBXContainerItemProxy */ = {
			isa = PBXContainerItemProxy;
			containerPortal = 82CE1A9B279AEAC1004A35BD /* Project object */;
			proxyType = 1;
			remoteGlobalIDString = 82CE1ABF279AEC82004A35BD;
			remoteInfo = GRTlibExample;
		};
		82CE1AE0279AEC84004A35BD /* PBXContainerItemProxy */ = {
			isa = PBXContainerItemProxy;
			containerPortal = 82CE1A9B279AEAC1004A35BD /* Project object */;
			proxyType = 1;
			remoteGlobalIDString = 82CE1ABF279AEC82004A35BD;
			remoteInfo = GRTlibExample;
		};
/* End PBXContainerItemProxy section */

/* Begin PBXFileReference section */
		82CE1AA4279AEAC1004A35BD /* GRTlib.framework */ = {isa = PBXFileReference; explicitFileType = wrapper.framework; includeInIndex = 0; path = GRTlib.framework; sourceTree = BUILT_PRODUCTS_DIR; };
		82CE1AA7279AEAC1004A35BD /* GRTlib.h */ = {isa = PBXFileReference; lastKnownFileType = sourcecode.c.h; path = GRTlib.h; sourceTree = "<group>"; };
		82CE1AAC279AEAC2004A35BD /* GRTlibTests.xctest */ = {isa = PBXFileReference; explicitFileType = wrapper.cfbundle; includeInIndex = 0; path = GRTlibTests.xctest; sourceTree = BUILT_PRODUCTS_DIR; };
		82CE1AB1279AEAC2004A35BD /* GRTlibTests.swift */ = {isa = PBXFileReference; lastKnownFileType = sourcecode.swift; path = GRTlibTests.swift; sourceTree = "<group>"; };
		82CE1AC0279AEC82004A35BD /* GRTlibExample.app */ = {isa = PBXFileReference; explicitFileType = wrapper.application; includeInIndex = 0; path = GRTlibExample.app; sourceTree = BUILT_PRODUCTS_DIR; };
		82CE1AC2279AEC82004A35BD /* AppDelegate.swift */ = {isa = PBXFileReference; lastKnownFileType = sourcecode.swift; path = AppDelegate.swift; sourceTree = "<group>"; };
		82CE1AC4279AEC82004A35BD /* SceneDelegate.swift */ = {isa = PBXFileReference; lastKnownFileType = sourcecode.swift; path = SceneDelegate.swift; sourceTree = "<group>"; };
		82CE1AC6279AEC82004A35BD /* ViewController.swift */ = {isa = PBXFileReference; lastKnownFileType = sourcecode.swift; path = ViewController.swift; sourceTree = "<group>"; };
		82CE1AC9279AEC82004A35BD /* Base */ = {isa = PBXFileReference; lastKnownFileType = file.storyboard; name = Base; path = Base.lproj/Main.storyboard; sourceTree = "<group>"; };
		82CE1ACB279AEC83004A35BD /* Assets.xcassets */ = {isa = PBXFileReference; lastKnownFileType = folder.assetcatalog; path = Assets.xcassets; sourceTree = "<group>"; };
		82CE1ACE279AEC83004A35BD /* Base */ = {isa = PBXFileReference; lastKnownFileType = file.storyboard; name = Base; path = Base.lproj/LaunchScreen.storyboard; sourceTree = "<group>"; };
		82CE1AD0279AEC83004A35BD /* Info.plist */ = {isa = PBXFileReference; lastKnownFileType = text.plist.xml; path = Info.plist; sourceTree = "<group>"; };
		82CE1AD5279AEC83004A35BD /* GRTlibExampleTests.xctest */ = {isa = PBXFileReference; explicitFileType = wrapper.cfbundle; includeInIndex = 0; path = GRTlibExampleTests.xctest; sourceTree = BUILT_PRODUCTS_DIR; };
		82CE1AD9279AEC84004A35BD /* GRTlibExampleTests.swift */ = {isa = PBXFileReference; lastKnownFileType = sourcecode.swift; path = GRTlibExampleTests.swift; sourceTree = "<group>"; };
		82CE1ADF279AEC84004A35BD /* GRTlibExampleUITests.xctest */ = {isa = PBXFileReference; explicitFileType = wrapper.cfbundle; includeInIndex = 0; path = GRTlibExampleUITests.xctest; sourceTree = BUILT_PRODUCTS_DIR; };
		82CE1AE3279AEC84004A35BD /* GRTlibExampleUITests.swift */ = {isa = PBXFileReference; lastKnownFileType = sourcecode.swift; path = GRTlibExampleUITests.swift; sourceTree = "<group>"; };
		82CE1AE5279AEC84004A35BD /* GRTlibExampleUITestsLaunchTests.swift */ = {isa = PBXFileReference; lastKnownFileType = sourcecode.swift; path = GRTlibExampleUITestsLaunchTests.swift; sourceTree = "<group>"; };
		82CE1AF0279AEF45004A35BD /* GRTlib.swift */ = {isa = PBXFileReference; lastKnownFileType = sourcecode.swift; path = GRTlib.swift; sourceTree = "<group>"; };
		82CE1AF2279AF892004A35BD /* GRTlib.podspec */ = {isa = PBXFileReference; fileEncoding = 4; lastKnownFileType = text; path = GRTlib.podspec; sourceTree = "<group>"; };
/* End PBXFileReference section */

/* Begin PBXFrameworksBuildPhase section */
		82CE1AA1279AEAC1004A35BD /* Frameworks */ = {
			isa = PBXFrameworksBuildPhase;
			buildActionMask = 2147483647;
			files = (
			);
			runOnlyForDeploymentPostprocessing = 0;
		};
		82CE1AA9279AEAC2004A35BD /* Frameworks */ = {
			isa = PBXFrameworksBuildPhase;
			buildActionMask = 2147483647;
			files = (
				82CE1AAD279AEAC2004A35BD /* GRTlib.framework in Frameworks */,
			);
			runOnlyForDeploymentPostprocessing = 0;
		};
		82CE1ABD279AEC82004A35BD /* Frameworks */ = {
			isa = PBXFrameworksBuildPhase;
			buildActionMask = 2147483647;
			files = (
			);
			runOnlyForDeploymentPostprocessing = 0;
		};
		82CE1AD2279AEC83004A35BD /* Frameworks */ = {
			isa = PBXFrameworksBuildPhase;
			buildActionMask = 2147483647;
			files = (
			);
			runOnlyForDeploymentPostprocessing = 0;
		};
		82CE1ADC279AEC84004A35BD /* Frameworks */ = {
			isa = PBXFrameworksBuildPhase;
			buildActionMask = 2147483647;
			files = (
			);
			runOnlyForDeploymentPostprocessing = 0;
		};
/* End PBXFrameworksBuildPhase section */

/* Begin PBXGroup section */
		82CE1A9A279AEAC1004A35BD = {
			isa = PBXGroup;
			children = (
				82CE1AF2279AF892004A35BD /* GRTlib.podspec */,
				82CE1AF0279AEF45004A35BD /* GRTlib.swift */,
				82CE1AA6279AEAC1004A35BD /* GRTlib */,
				82CE1AB0279AEAC2004A35BD /* GRTlibTests */,
				82CE1AC1279AEC82004A35BD /* GRTlibExample */,
				82CE1AD8279AEC84004A35BD /* GRTlibExampleTests */,
				82CE1AE2279AEC84004A35BD /* GRTlibExampleUITests */,
				82CE1AA5279AEAC1004A35BD /* Products */,
			);
			sourceTree = "<group>";
		};
		82CE1AA5279AEAC1004A35BD /* Products */ = {
			isa = PBXGroup;
			children = (
				82CE1AA4279AEAC1004A35BD /* GRTlib.framework */,
				82CE1AAC279AEAC2004A35BD /* GRTlibTests.xctest */,
				82CE1AC0279AEC82004A35BD /* GRTlibExample.app */,
				82CE1AD5279AEC83004A35BD /* GRTlibExampleTests.xctest */,
				82CE1ADF279AEC84004A35BD /* GRTlibExampleUITests.xctest */,
			);
			name = Products;
			sourceTree = "<group>";
		};
		82CE1AA6279AEAC1004A35BD /* GRTlib */ = {
			isa = PBXGroup;
			children = (
				82CE1AA7279AEAC1004A35BD /* GRTlib.h */,
			);
			path = GRTlib;
			sourceTree = "<group>";
		};
		82CE1AB0279AEAC2004A35BD /* GRTlibTests */ = {
			isa = PBXGroup;
			children = (
				82CE1AB1279AEAC2004A35BD /* GRTlibTests.swift */,
			);
			path = GRTlibTests;
			sourceTree = "<group>";
		};
		82CE1AC1279AEC82004A35BD /* GRTlibExample */ = {
			isa = PBXGroup;
			children = (
				82CE1AC2279AEC82004A35BD /* AppDelegate.swift */,
				82CE1AC4279AEC82004A35BD /* SceneDelegate.swift */,
				82CE1AC6279AEC82004A35BD /* ViewController.swift */,
				82CE1AC8279AEC82004A35BD /* Main.storyboard */,
				82CE1ACB279AEC83004A35BD /* Assets.xcassets */,
				82CE1ACD279AEC83004A35BD /* LaunchScreen.storyboard */,
				82CE1AD0279AEC83004A35BD /* Info.plist */,
			);
			path = GRTlibExample;
			sourceTree = "<group>";
		};
		82CE1AD8279AEC84004A35BD /* GRTlibExampleTests */ = {
			isa = PBXGroup;
			children = (
				82CE1AD9279AEC84004A35BD /* GRTlibExampleTests.swift */,
			);
			path = GRTlibExampleTests;
			sourceTree = "<group>";
		};
		82CE1AE2279AEC84004A35BD /* GRTlibExampleUITests */ = {
			isa = PBXGroup;
			children = (
				82CE1AE3279AEC84004A35BD /* GRTlibExampleUITests.swift */,
				82CE1AE5279AEC84004A35BD /* GRTlibExampleUITestsLaunchTests.swift */,
			);
			path = GRTlibExampleUITests;
			sourceTree = "<group>";
		};
/* End PBXGroup section */

/* Begin PBXHeadersBuildPhase section */
		82CE1A9F279AEAC1004A35BD /* Headers */ = {
			isa = PBXHeadersBuildPhase;
			buildActionMask = 2147483647;
			files = (
				82CE1AB3279AEAC2004A35BD /* GRTlib.h in Headers */,
			);
			runOnlyForDeploymentPostprocessing = 0;
		};
/* End PBXHeadersBuildPhase section */

/* Begin PBXNativeTarget section */
		82CE1AA3279AEAC1004A35BD /* GRTlib */ = {
			isa = PBXNativeTarget;
			buildConfigurationList = 82CE1AB6279AEAC2004A35BD /* Build configuration list for PBXNativeTarget "GRTlib" */;
			buildPhases = (
				82CE1A9F279AEAC1004A35BD /* Headers */,
				82CE1AA0279AEAC1004A35BD /* Sources */,
				82CE1AA1279AEAC1004A35BD /* Frameworks */,
				82CE1AA2279AEAC1004A35BD /* Resources */,
			);
			buildRules = (
			);
			dependencies = (
			);
			name = GRTlib;
			productName = GRTlib;
			productReference = 82CE1AA4279AEAC1004A35BD /* GRTlib.framework */;
			productType = "com.apple.product-type.framework";
		};
		82CE1AAB279AEAC2004A35BD /* GRTlibTests */ = {
			isa = PBXNativeTarget;
			buildConfigurationList = 82CE1AB9279AEAC2004A35BD /* Build configuration list for PBXNativeTarget "GRTlibTests" */;
			buildPhases = (
				82CE1AA8279AEAC2004A35BD /* Sources */,
				82CE1AA9279AEAC2004A35BD /* Frameworks */,
				82CE1AAA279AEAC2004A35BD /* Resources */,
			);
			buildRules = (
			);
			dependencies = (
				82CE1AAF279AEAC2004A35BD /* PBXTargetDependency */,
			);
			name = GRTlibTests;
			productName = GRTlibTests;
			productReference = 82CE1AAC279AEAC2004A35BD /* GRTlibTests.xctest */;
			productType = "com.apple.product-type.bundle.unit-test";
		};
		82CE1ABF279AEC82004A35BD /* GRTlibExample */ = {
			isa = PBXNativeTarget;
			buildConfigurationList = 82CE1AE7279AEC84004A35BD /* Build configuration list for PBXNativeTarget "GRTlibExample" */;
			buildPhases = (
				82CE1ABC279AEC82004A35BD /* Sources */,
				82CE1ABD279AEC82004A35BD /* Frameworks */,
				82CE1ABE279AEC82004A35BD /* Resources */,
			);
			buildRules = (
			);
			dependencies = (
			);
			name = GRTlibExample;
			productName = GRTlibExample;
			productReference = 82CE1AC0279AEC82004A35BD /* GRTlibExample.app */;
			productType = "com.apple.product-type.application";
		};
		82CE1AD4279AEC83004A35BD /* GRTlibExampleTests */ = {
			isa = PBXNativeTarget;
			buildConfigurationList = 82CE1AEA279AEC84004A35BD /* Build configuration list for PBXNativeTarget "GRTlibExampleTests" */;
			buildPhases = (
				82CE1AD1279AEC83004A35BD /* Sources */,
				82CE1AD2279AEC83004A35BD /* Frameworks */,
				82CE1AD3279AEC83004A35BD /* Resources */,
			);
			buildRules = (
			);
			dependencies = (
				82CE1AD7279AEC83004A35BD /* PBXTargetDependency */,
			);
			name = GRTlibExampleTests;
			productName = GRTlibExampleTests;
			productReference = 82CE1AD5279AEC83004A35BD /* GRTlibExampleTests.xctest */;
			productType = "com.apple.product-type.bundle.unit-test";
		};
		82CE1ADE279AEC84004A35BD /* GRTlibExampleUITests */ = {
			isa = PBXNativeTarget;
			buildConfigurationList = 82CE1AED279AEC84004A35BD /* Build configuration list for PBXNativeTarget "GRTlibExampleUITests" */;
			buildPhases = (
				82CE1ADB279AEC84004A35BD /* Sources */,
				82CE1ADC279AEC84004A35BD /* Frameworks */,
				82CE1ADD279AEC84004A35BD /* Resources */,
			);
			buildRules = (
			);
			dependencies = (
				82CE1AE1279AEC84004A35BD /* PBXTargetDependency */,
			);
			name = GRTlibExampleUITests;
			productName = GRTlibExampleUITests;
			productReference = 82CE1ADF279AEC84004A35BD /* GRTlibExampleUITests.xctest */;
			productType = "com.apple.product-type.bundle.ui-testing";
		};
/* End PBXNativeTarget section */

/* Begin PBXProject section */
		82CE1A9B279AEAC1004A35BD /* Project object */ = {
			isa = PBXProject;
			attributes = {
				BuildIndependentTargetsInParallel = 1;
				LastSwiftUpdateCheck = 1310;
				LastUpgradeCheck = 1310;
				TargetAttributes = {
					82CE1AA3279AEAC1004A35BD = {
						CreatedOnToolsVersion = 13.1;
						LastSwiftMigration = 1310;
					};
					82CE1AAB279AEAC2004A35BD = {
						CreatedOnToolsVersion = 13.1;
					};
					82CE1ABF279AEC82004A35BD = {
						CreatedOnToolsVersion = 13.1;
					};
					82CE1AD4279AEC83004A35BD = {
						CreatedOnToolsVersion = 13.1;
						TestTargetID = 82CE1ABF279AEC82004A35BD;
					};
					82CE1ADE279AEC84004A35BD = {
						CreatedOnToolsVersion = 13.1;
						TestTargetID = 82CE1ABF279AEC82004A35BD;
					};
				};
			};
			buildConfigurationList = 82CE1A9E279AEAC1004A35BD /* Build configuration list for PBXProject "GRTlib" */;
			compatibilityVersion = "Xcode 13.0";
			developmentRegion = en;
			hasScannedForEncodings = 0;
			knownRegions = (
				en,
				Base,
			);
			mainGroup = 82CE1A9A279AEAC1004A35BD;
			productRefGroup = 82CE1AA5279AEAC1004A35BD /* Products */;
			projectDirPath = "";
			projectRoot = "";
			targets = (
				82CE1AA3279AEAC1004A35BD /* GRTlib */,
				82CE1AAB279AEAC2004A35BD /* GRTlibTests */,
				82CE1ABF279AEC82004A35BD /* GRTlibExample */,
				82CE1AD4279AEC83004A35BD /* GRTlibExampleTests */,
				82CE1ADE279AEC84004A35BD /* GRTlibExampleUITests */,
			);
		};
/* End PBXProject section */

/* Begin PBXResourcesBuildPhase section */
		82CE1AA2279AEAC1004A35BD /* Resources */ = {
			isa = PBXResourcesBuildPhase;
			buildActionMask = 2147483647;
			files = (
				82CE1AF3279AF892004A35BD /* GRTlib.podspec in Resources */,
			);
			runOnlyForDeploymentPostprocessing = 0;
		};
		82CE1AAA279AEAC2004A35BD /* Resources */ = {
			isa = PBXResourcesBuildPhase;
			buildActionMask = 2147483647;
			files = (
			);
			runOnlyForDeploymentPostprocessing = 0;
		};
		82CE1ABE279AEC82004A35BD /* Resources */ = {
			isa = PBXResourcesBuildPhase;
			buildActionMask = 2147483647;
			files = (
				82CE1ACF279AEC83004A35BD /* LaunchScreen.storyboard in Resources */,
				82CE1ACC279AEC83004A35BD /* Assets.xcassets in Resources */,
				82CE1ACA279AEC82004A35BD /* Main.storyboard in Resources */,
			);
			runOnlyForDeploymentPostprocessing = 0;
		};
		82CE1AD3279AEC83004A35BD /* Resources */ = {
			isa = PBXResourcesBuildPhase;
			buildActionMask = 2147483647;
			files = (
			);
			runOnlyForDeploymentPostprocessing = 0;
		};
		82CE1ADD279AEC84004A35BD /* Resources */ = {
			isa = PBXResourcesBuildPhase;
			buildActionMask = 2147483647;
			files = (
			);
			runOnlyForDeploymentPostprocessing = 0;
		};
/* End PBXResourcesBuildPhase section */

/* Begin PBXSourcesBuildPhase section */
		82CE1AA0279AEAC1004A35BD /* Sources */ = {
			isa = PBXSourcesBuildPhase;
			buildActionMask = 2147483647;
			files = (
				82CE1AF1279AEF45004A35BD /* GRTlib.swift in Sources */,
			);
			runOnlyForDeploymentPostprocessing = 0;
		};
		82CE1AA8279AEAC2004A35BD /* Sources */ = {
			isa = PBXSourcesBuildPhase;
			buildActionMask = 2147483647;
			files = (
				82CE1AB2279AEAC2004A35BD /* GRTlibTests.swift in Sources */,
			);
			runOnlyForDeploymentPostprocessing = 0;
		};
		82CE1ABC279AEC82004A35BD /* Sources */ = {
			isa = PBXSourcesBuildPhase;
			buildActionMask = 2147483647;
			files = (
				82CE1AC7279AEC82004A35BD /* ViewController.swift in Sources */,
				82CE1AC3279AEC82004A35BD /* AppDelegate.swift in Sources */,
				82CE1AC5279AEC82004A35BD /* SceneDelegate.swift in Sources */,
			);
			runOnlyForDeploymentPostprocessing = 0;
		};
		82CE1AD1279AEC83004A35BD /* Sources */ = {
			isa = PBXSourcesBuildPhase;
			buildActionMask = 2147483647;
			files = (
				82CE1ADA279AEC84004A35BD /* GRTlibExampleTests.swift in Sources */,
			);
			runOnlyForDeploymentPostprocessing = 0;
		};
		82CE1ADB279AEC84004A35BD /* Sources */ = {
			isa = PBXSourcesBuildPhase;
			buildActionMask = 2147483647;
			files = (
				82CE1AE4279AEC84004A35BD /* GRTlibExampleUITests.swift in Sources */,
				82CE1AE6279AEC84004A35BD /* GRTlibExampleUITestsLaunchTests.swift in Sources */,
			);
			runOnlyForDeploymentPostprocessing = 0;
		};
/* End PBXSourcesBuildPhase section */

/* Begin PBXTargetDependency section */
		82CE1AAF279AEAC2004A35BD /* PBXTargetDependency */ = {
			isa = PBXTargetDependency;
			target = 82CE1AA3279AEAC1004A35BD /* GRTlib */;
			targetProxy = 82CE1AAE279AEAC2004A35BD /* PBXContainerItemProxy */;
		};
		82CE1AD7279AEC83004A35BD /* PBXTargetDependency */ = {
			isa = PBXTargetDependency;
			target = 82CE1ABF279AEC82004A35BD /* GRTlibExample */;
			targetProxy = 82CE1AD6279AEC83004A35BD /* PBXContainerItemProxy */;
		};
		82CE1AE1279AEC84004A35BD /* PBXTargetDependency */ = {
			isa = PBXTargetDependency;
			target = 82CE1ABF279AEC82004A35BD /* GRTlibExample */;
			targetProxy = 82CE1AE0279AEC84004A35BD /* PBXContainerItemProxy */;
		};
/* End PBXTargetDependency section */

/* Begin PBXVariantGroup section */
		82CE1AC8279AEC82004A35BD /* Main.storyboard */ = {
			isa = PBXVariantGroup;
			children = (
				82CE1AC9279AEC82004A35BD /* Base */,
			);
			name = Main.storyboard;
			sourceTree = "<group>";
		};
		82CE1ACD279AEC83004A35BD /* LaunchScreen.storyboard */ = {
			isa = PBXVariantGroup;
			children = (
				82CE1ACE279AEC83004A35BD /* Base */,
			);
			name = LaunchScreen.storyboard;
			sourceTree = "<group>";
		};
/* End PBXVariantGroup section */

/* Begin XCBuildConfiguration section */
		82CE1AB4279AEAC2004A35BD /* Debug */ = {
			isa = XCBuildConfiguration;
			buildSettings = {
				ALWAYS_SEARCH_USER_PATHS = NO;
				CLANG_ANALYZER_NONNULL = YES;
				CLANG_ANALYZER_NUMBER_OBJECT_CONVERSION = YES_AGGRESSIVE;
				CLANG_CXX_LANGUAGE_STANDARD = "gnu++17";
				CLANG_CXX_LIBRARY = "libc++";
				CLANG_ENABLE_MODULES = YES;
				CLANG_ENABLE_OBJC_ARC = YES;
				CLANG_ENABLE_OBJC_WEAK = YES;
				CLANG_WARN_BLOCK_CAPTURE_AUTORELEASING = YES;
				CLANG_WARN_BOOL_CONVERSION = YES;
				CLANG_WARN_COMMA = YES;
				CLANG_WARN_CONSTANT_CONVERSION = YES;
				CLANG_WARN_DEPRECATED_OBJC_IMPLEMENTATIONS = YES;
				CLANG_WARN_DIRECT_OBJC_ISA_USAGE = YES_ERROR;
				CLANG_WARN_DOCUMENTATION_COMMENTS = YES;
				CLANG_WARN_EMPTY_BODY = YES;
				CLANG_WARN_ENUM_CONVERSION = YES;
				CLANG_WARN_INFINITE_RECURSION = YES;
				CLANG_WARN_INT_CONVERSION = YES;
				CLANG_WARN_NON_LITERAL_NULL_CONVERSION = YES;
				CLANG_WARN_OBJC_IMPLICIT_RETAIN_SELF = YES;
				CLANG_WARN_OBJC_LITERAL_CONVERSION = YES;
				CLANG_WARN_OBJC_ROOT_CLASS = YES_ERROR;
				CLANG_WARN_QUOTED_INCLUDE_IN_FRAMEWORK_HEADER = YES;
				CLANG_WARN_RANGE_LOOP_ANALYSIS = YES;
				CLANG_WARN_STRICT_PROTOTYPES = YES;
				CLANG_WARN_SUSPICIOUS_MOVE = YES;
				CLANG_WARN_UNGUARDED_AVAILABILITY = YES_AGGRESSIVE;
				CLANG_WARN_UNREACHABLE_CODE = YES;
				CLANG_WARN__DUPLICATE_METHOD_MATCH = YES;
				COPY_PHASE_STRIP = NO;
				CURRENT_PROJECT_VERSION = 1;
				DEBUG_INFORMATION_FORMAT = dwarf;
				ENABLE_STRICT_OBJC_MSGSEND = YES;
				ENABLE_TESTABILITY = YES;
				GCC_C_LANGUAGE_STANDARD = gnu11;
				GCC_DYNAMIC_NO_PIC = NO;
				GCC_NO_COMMON_BLOCKS = YES;
				GCC_OPTIMIZATION_LEVEL = 0;
				GCC_PREPROCESSOR_DEFINITIONS = (
					"DEBUG=1",
					"$(inherited)",
				);
				GCC_WARN_64_TO_32_BIT_CONVERSION = YES;
				GCC_WARN_ABOUT_RETURN_TYPE = YES_ERROR;
				GCC_WARN_UNDECLARED_SELECTOR = YES;
				GCC_WARN_UNINITIALIZED_AUTOS = YES_AGGRESSIVE;
				GCC_WARN_UNUSED_FUNCTION = YES;
				GCC_WARN_UNUSED_VARIABLE = YES;
				IPHONEOS_DEPLOYMENT_TARGET = 15.0;
				MTL_ENABLE_DEBUG_INFO = INCLUDE_SOURCE;
				MTL_FAST_MATH = YES;
				ONLY_ACTIVE_ARCH = YES;
				SDKROOT = iphoneos;
				SWIFT_ACTIVE_COMPILATION_CONDITIONS = DEBUG;
				SWIFT_OPTIMIZATION_LEVEL = "-Onone";
				VERSIONING_SYSTEM = "apple-generic";
				VERSION_INFO_PREFIX = "";
			};
			name = Debug;
		};
		82CE1AB5279AEAC2004A35BD /* Release */ = {
			isa = XCBuildConfiguration;
			buildSettings = {
				ALWAYS_SEARCH_USER_PATHS = NO;
				CLANG_ANALYZER_NONNULL = YES;
				CLANG_ANALYZER_NUMBER_OBJECT_CONVERSION = YES_AGGRESSIVE;
				CLANG_CXX_LANGUAGE_STANDARD = "gnu++17";
				CLANG_CXX_LIBRARY = "libc++";
				CLANG_ENABLE_MODULES = YES;
				CLANG_ENABLE_OBJC_ARC = YES;
				CLANG_ENABLE_OBJC_WEAK = YES;
				CLANG_WARN_BLOCK_CAPTURE_AUTORELEASING = YES;
				CLANG_WARN_BOOL_CONVERSION = YES;
				CLANG_WARN_COMMA = YES;
				CLANG_WARN_CONSTANT_CONVERSION = YES;
				CLANG_WARN_DEPRECATED_OBJC_IMPLEMENTATIONS = YES;
				CLANG_WARN_DIRECT_OBJC_ISA_USAGE = YES_ERROR;
				CLANG_WARN_DOCUMENTATION_COMMENTS = YES;
				CLANG_WARN_EMPTY_BODY = YES;
				CLANG_WARN_ENUM_CONVERSION = YES;
				CLANG_WARN_INFINITE_RECURSION = YES;
				CLANG_WARN_INT_CONVERSION = YES;
				CLANG_WARN_NON_LITERAL_NULL_CONVERSION = YES;
				CLANG_WARN_OBJC_IMPLICIT_RETAIN_SELF = YES;
				CLANG_WARN_OBJC_LITERAL_CONVERSION = YES;
				CLANG_WARN_OBJC_ROOT_CLASS = YES_ERROR;
				CLANG_WARN_QUOTED_INCLUDE_IN_FRAMEWORK_HEADER = YES;
				CLANG_WARN_RANGE_LOOP_ANALYSIS = YES;
				CLANG_WARN_STRICT_PROTOTYPES = YES;
				CLANG_WARN_SUSPICIOUS_MOVE = YES;
				CLANG_WARN_UNGUARDED_AVAILABILITY = YES_AGGRESSIVE;
				CLANG_WARN_UNREACHABLE_CODE = YES;
				CLANG_WARN__DUPLICATE_METHOD_MATCH = YES;
				COPY_PHASE_STRIP = NO;
				CURRENT_PROJECT_VERSION = 1;
				DEBUG_INFORMATION_FORMAT = "dwarf-with-dsym";
				ENABLE_NS_ASSERTIONS = NO;
				ENABLE_STRICT_OBJC_MSGSEND = YES;
				GCC_C_LANGUAGE_STANDARD = gnu11;
				GCC_NO_COMMON_BLOCKS = YES;
				GCC_WARN_64_TO_32_BIT_CONVERSION = YES;
				GCC_WARN_ABOUT_RETURN_TYPE = YES_ERROR;
				GCC_WARN_UNDECLARED_SELECTOR = YES;
				GCC_WARN_UNINITIALIZED_AUTOS = YES_AGGRESSIVE;
				GCC_WARN_UNUSED_FUNCTION = YES;
				GCC_WARN_UNUSED_VARIABLE = YES;
				IPHONEOS_DEPLOYMENT_TARGET = 15.0;
				MTL_ENABLE_DEBUG_INFO = NO;
				MTL_FAST_MATH = YES;
				SDKROOT = iphoneos;
				SWIFT_COMPILATION_MODE = wholemodule;
				SWIFT_OPTIMIZATION_LEVEL = "-O";
				VALIDATE_PRODUCT = YES;
				VERSIONING_SYSTEM = "apple-generic";
				VERSION_INFO_PREFIX = "";
			};
			name = Release;
		};
		82CE1AB7279AEAC2004A35BD /* Debug */ = {
			isa = XCBuildConfiguration;
			buildSettings = {
				CLANG_ENABLE_MODULES = YES;
				CODE_SIGN_STYLE = Automatic;
				CURRENT_PROJECT_VERSION = 1;
				DEFINES_MODULE = YES;
				DYLIB_COMPATIBILITY_VERSION = 1;
				DYLIB_CURRENT_VERSION = 1;
				DYLIB_INSTALL_NAME_BASE = "@rpath";
				GENERATE_INFOPLIST_FILE = YES;
				INFOPLIST_KEY_NSHumanReadableCopyright = "";
				INSTALL_PATH = "$(LOCAL_LIBRARY_DIR)/Frameworks";
				LD_RUNPATH_SEARCH_PATHS = (
					"$(inherited)",
					"@executable_path/Frameworks",
					"@loader_path/Frameworks",
				);
				MARKETING_VERSION = 1.0;
				PRODUCT_BUNDLE_IDENTIFIER = com.venky.GRTlib;
				PRODUCT_NAME = "$(TARGET_NAME:c99extidentifier)";
				SKIP_INSTALL = YES;
				SWIFT_EMIT_LOC_STRINGS = YES;
				SWIFT_OPTIMIZATION_LEVEL = "-Onone";
				SWIFT_VERSION = 5.0;
				TARGETED_DEVICE_FAMILY = "1,2";
			};
			name = Debug;
		};
		82CE1AB8279AEAC2004A35BD /* Release */ = {
			isa = XCBuildConfiguration;
			buildSettings = {
				CLANG_ENABLE_MODULES = YES;
				CODE_SIGN_STYLE = Automatic;
				CURRENT_PROJECT_VERSION = 1;
				DEFINES_MODULE = YES;
				DYLIB_COMPATIBILITY_VERSION = 1;
				DYLIB_CURRENT_VERSION = 1;
				DYLIB_INSTALL_NAME_BASE = "@rpath";
				GENERATE_INFOPLIST_FILE = YES;
				INFOPLIST_KEY_NSHumanReadableCopyright = "";
				INSTALL_PATH = "$(LOCAL_LIBRARY_DIR)/Frameworks";
				LD_RUNPATH_SEARCH_PATHS = (
					"$(inherited)",
					"@executable_path/Frameworks",
					"@loader_path/Frameworks",
				);
				MARKETING_VERSION = 1.0;
				PRODUCT_BUNDLE_IDENTIFIER = com.venky.GRTlib;
				PRODUCT_NAME = "$(TARGET_NAME:c99extidentifier)";
				SKIP_INSTALL = YES;
				SWIFT_EMIT_LOC_STRINGS = YES;
				SWIFT_VERSION = 5.0;
				TARGETED_DEVICE_FAMILY = "1,2";
			};
			name = Release;
		};
		82CE1ABA279AEAC2004A35BD /* Debug */ = {
			isa = XCBuildConfiguration;
			buildSettings = {
				ALWAYS_EMBED_SWIFT_STANDARD_LIBRARIES = YES;
				CODE_SIGN_STYLE = Automatic;
				CURRENT_PROJECT_VERSION = 1;
				GENERATE_INFOPLIST_FILE = YES;
				LD_RUNPATH_SEARCH_PATHS = (
					"$(inherited)",
					"@executable_path/Frameworks",
					"@loader_path/Frameworks",
				);
				MARKETING_VERSION = 1.0;
				PRODUCT_BUNDLE_IDENTIFIER = com.venky.GRTlibTests;
				PRODUCT_NAME = "$(TARGET_NAME)";
				SWIFT_EMIT_LOC_STRINGS = NO;
				SWIFT_VERSION = 5.0;
				TARGETED_DEVICE_FAMILY = "1,2";
			};
			name = Debug;
		};
		82CE1ABB279AEAC2004A35BD /* Release */ = {
			isa = XCBuildConfiguration;
			buildSettings = {
				ALWAYS_EMBED_SWIFT_STANDARD_LIBRARIES = YES;
				CODE_SIGN_STYLE = Automatic;
				CURRENT_PROJECT_VERSION = 1;
				GENERATE_INFOPLIST_FILE = YES;
				LD_RUNPATH_SEARCH_PATHS = (
					"$(inherited)",
					"@executable_path/Frameworks",
					"@loader_path/Frameworks",
				);
				MARKETING_VERSION = 1.0;
				PRODUCT_BUNDLE_IDENTIFIER = com.venky.GRTlibTests;
				PRODUCT_NAME = "$(TARGET_NAME)";
				SWIFT_EMIT_LOC_STRINGS = NO;
				SWIFT_VERSION = 5.0;
				TARGETED_DEVICE_FAMILY = "1,2";
			};
			name = Release;
		};
		82CE1AE8279AEC84004A35BD /* Debug */ = {
			isa = XCBuildConfiguration;
			buildSettings = {
				ASSETCATALOG_COMPILER_APPICON_NAME = AppIcon;
				ASSETCATALOG_COMPILER_GLOBAL_ACCENT_COLOR_NAME = AccentColor;
				CODE_SIGN_STYLE = Automatic;
				CURRENT_PROJECT_VERSION = 1;
				GENERATE_INFOPLIST_FILE = YES;
				INFOPLIST_FILE = GRTlibExample/Info.plist;
				INFOPLIST_KEY_UIApplicationSupportsIndirectInputEvents = YES;
				INFOPLIST_KEY_UILaunchStoryboardName = LaunchScreen;
				INFOPLIST_KEY_UIMainStoryboardFile = Main;
				INFOPLIST_KEY_UISupportedInterfaceOrientations_iPad = "UIInterfaceOrientationPortrait UIInterfaceOrientationPortraitUpsideDown UIInterfaceOrientationLandscapeLeft UIInterfaceOrientationLandscapeRight";
				INFOPLIST_KEY_UISupportedInterfaceOrientations_iPhone = "UIInterfaceOrientationPortrait UIInterfaceOrientationLandscapeLeft UIInterfaceOrientationLandscapeRight";
				LD_RUNPATH_SEARCH_PATHS = (
					"$(inherited)",
					"@executable_path/Frameworks",
				);
				MARKETING_VERSION = 1.0;
				PRODUCT_BUNDLE_IDENTIFIER = com.venky.GRTlibExample;
				PRODUCT_NAME = "$(TARGET_NAME)";
				SWIFT_EMIT_LOC_STRINGS = YES;
				SWIFT_VERSION = 5.0;
				TARGETED_DEVICE_FAMILY = "1,2";
			};
			name = Debug;
		};
		82CE1AE9279AEC84004A35BD /* Release */ = {
			isa = XCBuildConfiguration;
			buildSettings = {
				ASSETCATALOG_COMPILER_APPICON_NAME = AppIcon;
				ASSETCATALOG_COMPILER_GLOBAL_ACCENT_COLOR_NAME = AccentColor;
				CODE_SIGN_STYLE = Automatic;
				CURRENT_PROJECT_VERSION = 1;
				GENERATE_INFOPLIST_FILE = YES;
				INFOPLIST_FILE = GRTlibExample/Info.plist;
				INFOPLIST_KEY_UIApplicationSupportsIndirectInputEvents = YES;
				INFOPLIST_KEY_UILaunchStoryboardName = LaunchScreen;
				INFOPLIST_KEY_UIMainStoryboardFile = Main;
				INFOPLIST_KEY_UISupportedInterfaceOrientations_iPad = "UIInterfaceOrientationPortrait UIInterfaceOrientationPortraitUpsideDown UIInterfaceOrientationLandscapeLeft UIInterfaceOrientationLandscapeRight";
				INFOPLIST_KEY_UISupportedInterfaceOrientations_iPhone = "UIInterfaceOrientationPortrait UIInterfaceOrientationLandscapeLeft UIInterfaceOrientationLandscapeRight";
				LD_RUNPATH_SEARCH_PATHS = (
					"$(inherited)",
					"@executable_path/Frameworks",
				);
				MARKETING_VERSION = 1.0;
				PRODUCT_BUNDLE_IDENTIFIER = com.venky.GRTlibExample;
				PRODUCT_NAME = "$(TARGET_NAME)";
				SWIFT_EMIT_LOC_STRINGS = YES;
				SWIFT_VERSION = 5.0;
				TARGETED_DEVICE_FAMILY = "1,2";
			};
			name = Release;
		};
		82CE1AEB279AEC84004A35BD /* Debug */ = {
			isa = XCBuildConfiguration;
			buildSettings = {
				ALWAYS_EMBED_SWIFT_STANDARD_LIBRARIES = YES;
				BUNDLE_LOADER = "$(TEST_HOST)";
				CODE_SIGN_STYLE = Automatic;
				CURRENT_PROJECT_VERSION = 1;
				GENERATE_INFOPLIST_FILE = YES;
				IPHONEOS_DEPLOYMENT_TARGET = 15.0;
				LD_RUNPATH_SEARCH_PATHS = (
					"$(inherited)",
					"@executable_path/Frameworks",
					"@loader_path/Frameworks",
				);
				MARKETING_VERSION = 1.0;
				PRODUCT_BUNDLE_IDENTIFIER = com.venky.GRTlibExampleTests;
				PRODUCT_NAME = "$(TARGET_NAME)";
				SWIFT_EMIT_LOC_STRINGS = NO;
				SWIFT_VERSION = 5.0;
				TARGETED_DEVICE_FAMILY = "1,2";
				TEST_HOST = "$(BUILT_PRODUCTS_DIR)/GRTlibExample.app/GRTlibExample";
			};
			name = Debug;
		};
		82CE1AEC279AEC84004A35BD /* Release */ = {
			isa = XCBuildConfiguration;
			buildSettings = {
				ALWAYS_EMBED_SWIFT_STANDARD_LIBRARIES = YES;
				BUNDLE_LOADER = "$(TEST_HOST)";
				CODE_SIGN_STYLE = Automatic;
				CURRENT_PROJECT_VERSION = 1;
				GENERATE_INFOPLIST_FILE = YES;
				IPHONEOS_DEPLOYMENT_TARGET = 15.0;
				LD_RUNPATH_SEARCH_PATHS = (
					"$(inherited)",
					"@executable_path/Frameworks",
					"@loader_path/Frameworks",
				);
				MARKETING_VERSION = 1.0;
				PRODUCT_BUNDLE_IDENTIFIER = com.venky.GRTlibExampleTests;
				PRODUCT_NAME = "$(TARGET_NAME)";
				SWIFT_EMIT_LOC_STRINGS = NO;
				SWIFT_VERSION = 5.0;
				TARGETED_DEVICE_FAMILY = "1,2";
				TEST_HOST = "$(BUILT_PRODUCTS_DIR)/GRTlibExample.app/GRTlibExample";
			};
			name = Release;
		};
		82CE1AEE279AEC84004A35BD /* Debug */ = {
			isa = XCBuildConfiguration;
			buildSettings = {
				ALWAYS_EMBED_SWIFT_STANDARD_LIBRARIES = YES;
				CODE_SIGN_STYLE = Automatic;
				CURRENT_PROJECT_VERSION = 1;
				GENERATE_INFOPLIST_FILE = YES;
				LD_RUNPATH_SEARCH_PATHS = (
					"$(inherited)",
					"@executable_path/Frameworks",
					"@loader_path/Frameworks",
				);
				MARKETING_VERSION = 1.0;
				PRODUCT_BUNDLE_IDENTIFIER = com.venky.GRTlibExampleUITests;
				PRODUCT_NAME = "$(TARGET_NAME)";
				SWIFT_EMIT_LOC_STRINGS = NO;
				SWIFT_VERSION = 5.0;
				TARGETED_DEVICE_FAMILY = "1,2";
				TEST_TARGET_NAME = GRTlibExample;
			};
			name = Debug;
		};
		82CE1AEF279AEC84004A35BD /* Release */ = {
			isa = XCBuildConfiguration;
			buildSettings = {
				ALWAYS_EMBED_SWIFT_STANDARD_LIBRARIES = YES;
				CODE_SIGN_STYLE = Automatic;
				CURRENT_PROJECT_VERSION = 1;
				GENERATE_INFOPLIST_FILE = YES;
				LD_RUNPATH_SEARCH_PATHS = (
					"$(inherited)",
					"@executable_path/Frameworks",
					"@loader_path/Frameworks",
				);
				MARKETING_VERSION = 1.0;
				PRODUCT_BUNDLE_IDENTIFIER = com.venky.GRTlibExampleUITests;
				PRODUCT_NAME = "$(TARGET_NAME)";
				SWIFT_EMIT_LOC_STRINGS = NO;
				SWIFT_VERSION = 5.0;
				TARGETED_DEVICE_FAMILY = "1,2";
				TEST_TARGET_NAME = GRTlibExample;
			};
			name = Release;
		};
/* End XCBuildConfiguration section */

/* Begin XCConfigurationList section */
		82CE1A9E279AEAC1004A35BD /* Build configuration list for PBXProject "GRTlib" */ = {
			isa = XCConfigurationList;
			buildConfigurations = (
				82CE1AB4279AEAC2004A35BD /* Debug */,
				82CE1AB5279AEAC2004A35BD /* Release */,
			);
			defaultConfigurationIsVisible = 0;
			defaultConfigurationName = Release;
		};
		82CE1AB6279AEAC2004A35BD /* Build configuration list for PBXNativeTarget "GRTlib" */ = {
			isa = XCConfigurationList;
			buildConfigurations = (
				82CE1AB7279AEAC2004A35BD /* Debug */,
				82CE1AB8279AEAC2004A35BD /* Release */,
			);
			defaultConfigurationIsVisible = 0;
			defaultConfigurationName = Release;
		};
		82CE1AB9279AEAC2004A35BD /* Build configuration list for PBXNativeTarget "GRTlibTests" */ = {
			isa = XCConfigurationList;
			buildConfigurations = (
				82CE1ABA279AEAC2004A35BD /* Debug */,
				82CE1ABB279AEAC2004A35BD /* Release */,
			);
			defaultConfigurationIsVisible = 0;
			defaultConfigurationName = Release;
		};
		82CE1AE7279AEC84004A35BD /* Build configuration list for PBXNativeTarget "GRTlibExample" */ = {
			isa = XCConfigurationList;
			buildConfigurations = (
				82CE1AE8279AEC84004A35BD /* Debug */,
				82CE1AE9279AEC84004A35BD /* Release */,
			);
			defaultConfigurationIsVisible = 0;
			defaultConfigurationName = Release;
		};
		82CE1AEA279AEC84004A35BD /* Build configuration list for PBXNativeTarget "GRTlibExampleTests" */ = {
			isa = XCConfigurationList;
			buildConfigurations = (
				82CE1AEB279AEC84004A35BD /* Debug */,
				82CE1AEC279AEC84004A35BD /* Release */,
			);
			defaultConfigurationIsVisible = 0;
			defaultConfigurationName = Release;
		};
		82CE1AED279AEC84004A35BD /* Build configuration list for PBXNativeTarget "GRTlibExampleUITests" */ = {
			isa = XCConfigurationList;
			buildConfigurations = (
				82CE1AEE279AEC84004A35BD /* Debug */,
				82CE1AEF279AEC84004A35BD /* Release */,
			);
			defaultConfigurationIsVisible = 0;
			defaultConfigurationName = Release;
		};
/* End XCConfigurationList section */
	};
	rootObject = 82CE1A9B279AEAC1004A35BD /* Project object */;
}
